// !$*UTF8*$!
{
	archiveVersion = 1;
	classes = {
	};
	objectVersion = 77;
	objects = {

/* Begin PBXContainerItemProxy section */
		EFB7ACDB2E8723A9002AA507 /* PBXContainerItemProxy */ = {
			isa = PBXContainerItemProxy;
			containerPortal = EFB7ACC52E8723A7002AA507 /* Project object */;
			proxyType = 1;
			remoteGlobalIDString = EFB7ACCC2E8723A7002AA507;
			remoteInfo = "Schedule Button Interaction";
		};
		EFB7ACE52E8723A9002AA507 /* PBXContainerItemProxy */ = {
			isa = PBXContainerItemProxy;
			containerPortal = EFB7ACC52E8723A7002AA507 /* Project object */;
			proxyType = 1;
			remoteGlobalIDString = EFB7ACCC2E8723A7002AA507;
			remoteInfo = "Schedule Button Interaction";
		};
/* End PBXContainerItemProxy section */

/* Begin PBXFileReference section */
		EFB7ACCD2E8723A7002AA507 /* Schedule Button Interaction.app */ = {isa = PBXFileReference; explicitFileType = wrapper.application; includeInIndex = 0; path = "Schedule Button Interaction.app"; sourceTree = BUILT_PRODUCTS_DIR; };
		EFB7ACDA2E8723A9002AA507 /* Schedule Button InteractionTests.xctest */ = {isa = PBXFileReference; explicitFileType = wrapper.cfbundle; includeInIndex = 0; path = "Schedule Button InteractionTests.xctest"; sourceTree = BUILT_PRODUCTS_DIR; };
		EFB7ACE42E8723A9002AA507 /* Schedule Button InteractionUITests.xctest */ = {isa = PBXFileReference; explicitFileType = wrapper.cfbundle; includeInIndex = 0; path = "Schedule Button InteractionUITests.xctest"; sourceTree = BUILT_PRODUCTS_DIR; };
/* End PBXFileReference section */

/* Begin PBXFileSystemSynchronizedRootGroup section */
		EFB7ACCF2E8723A7002AA507 /* Schedule Button Interaction */ = {
			isa = PBXFileSystemSynchronizedRootGroup;
			path = "Schedule Button Interaction";
			sourceTree = "<group>";
		};
		EFB7ACDD2E8723A9002AA507 /* Schedule Button InteractionTests */ = {
			isa = PBXFileSystemSynchronizedRootGroup;
			path = "Schedule Button InteractionTests";
			sourceTree = "<group>";
		};
		EFB7ACE72E8723A9002AA507 /* Schedule Button InteractionUITests */ = {
			isa = PBXFileSystemSynchronizedRootGroup;
			path = "Schedule Button InteractionUITests";
			sourceTree = "<group>";
		};
/* End PBXFileSystemSynchronizedRootGroup section */

/* Begin PBXFrameworksBuildPhase section */
		EFB7ACCA2E8723A7002AA507 /* Frameworks */ = {
			isa = PBXFrameworksBuildPhase;
			buildActionMask = 2147483647;
			files = (
			);
			runOnlyForDeploymentPostprocessing = 0;
		};
		EFB7ACD72E8723A9002AA507 /* Frameworks */ = {
			isa = PBXFrameworksBuildPhase;
			buildActionMask = 2147483647;
			files = (
			);
			runOnlyForDeploymentPostprocessing = 0;
		};
		EFB7ACE12E8723A9002AA507 /* Frameworks */ = {
			isa = PBXFrameworksBuildPhase;
			buildActionMask = 2147483647;
			files = (
			);
			runOnlyForDeploymentPostprocessing = 0;
		};
/* End PBXFrameworksBuildPhase section */

/* Begin PBXGroup section */
		EFB7ACC42E8723A7002AA507 = {
			isa = PBXGroup;
			children = (
				EFB7ACCF2E8723A7002AA507 /* Schedule Button Interaction */,
				EFB7ACDD2E8723A9002AA507 /* Schedule Button InteractionTests */,
				EFB7ACE72E8723A9002AA507 /* Schedule Button InteractionUITests */,
				EFB7ACCE2E8723A7002AA507 /* Products */,
			);
			sourceTree = "<group>";
		};
		EFB7ACCE2E8723A7002AA507 /* Products */ = {
			isa = PBXGroup;
			children = (
				EFB7ACCD2E8723A7002AA507 /* Schedule Button Interaction.app */,
				EFB7ACDA2E8723A9002AA507 /* Schedule Button InteractionTests.xctest */,
				EFB7ACE42E8723A9002AA507 /* Schedule Button InteractionUITests.xctest */,
			);
			name = Products;
			sourceTree = "<group>";
		};
/* End PBXGroup section */

/* Begin PBXNativeTarget section */
		EFB7ACCC2E8723A7002AA507 /* Schedule Button Interaction */ = {
			isa = PBXNativeTarget;
			buildConfigurationList = EFB7ACEE2E8723A9002AA507 /* Build configuration list for PBXNativeTarget "Schedule Button Interaction" */;
			buildPhases = (
				EFB7ACC92E8723A7002AA507 /* Sources */,
				EFB7ACCA2E8723A7002AA507 /* Frameworks */,
				EFB7ACCB2E8723A7002AA507 /* Resources */,
			);
			buildRules = (
			);
			dependencies = (
			);
			fileSystemSynchronizedGroups = (
				EFB7ACCF2E8723A7002AA507 /* Schedule Button Interaction */,
			);
			name = "Schedule Button Interaction";
			packageProductDependencies = (
			);
			productName = "Schedule Button Interaction";
			productReference = EFB7ACCD2E8723A7002AA507 /* Schedule Button Interaction.app */;
			productType = "com.apple.product-type.application";
		};
		EFB7ACD92E8723A9002AA507 /* Schedule Button InteractionTests */ = {
			isa = PBXNativeTarget;
			buildConfigurationList = EFB7ACF12E8723AA002AA507 /* Build configuration list for PBXNativeTarget "Schedule Button InteractionTests" */;
			buildPhases = (
				EFB7ACD62E8723A9002AA507 /* Sources */,
				EFB7ACD72E8723A9002AA507 /* Frameworks */,
				EFB7ACD82E8723A9002AA507 /* Resources */,
			);
			buildRules = (
			);
			dependencies = (
				EFB7ACDC2E8723A9002AA507 /* PBXTargetDependency */,
			);
			fileSystemSynchronizedGroups = (
				EFB7ACDD2E8723A9002AA507 /* Schedule Button InteractionTests */,
			);
			name = "Schedule Button InteractionTests";
			packageProductDependencies = (
			);
			productName = "Schedule Button InteractionTests";
			productReference = EFB7ACDA2E8723A9002AA507 /* Schedule Button InteractionTests.xctest */;
			productType = "com.apple.product-type.bundle.unit-test";
		};
		EFB7ACE32E8723A9002AA507 /* Schedule Button InteractionUITests */ = {
			isa = PBXNativeTarget;
			buildConfigurationList = EFB7ACF42E8723AA002AA507 /* Build configuration list for PBXNativeTarget "Schedule Button InteractionUITests" */;
			buildPhases = (
				EFB7ACE02E8723A9002AA507 /* Sources */,
				EFB7ACE12E8723A9002AA507 /* Frameworks */,
				EFB7ACE22E8723A9002AA507 /* Resources */,
			);
			buildRules = (
			);
			dependencies = (
				EFB7ACE62E8723A9002AA507 /* PBXTargetDependency */,
			);
			fileSystemSynchronizedGroups = (
				EFB7ACE72E8723A9002AA507 /* Schedule Button InteractionUITests */,
			);
			name = "Schedule Button InteractionUITests";
			packageProductDependencies = (
			);
			productName = "Schedule Button InteractionUITests";
			productReference = EFB7ACE42E8723A9002AA507 /* Schedule Button InteractionUITests.xctest */;
			productType = "com.apple.product-type.bundle.ui-testing";
		};
/* End PBXNativeTarget section */

/* Begin PBXProject section */
		EFB7ACC52E8723A7002AA507 /* Project object */ = {
			isa = PBXProject;
			attributes = {
				BuildIndependentTargetsInParallel = 1;
				LastSwiftUpdateCheck = 2600;
				LastUpgradeCheck = 2600;
				TargetAttributes = {
					EFB7ACCC2E8723A7002AA507 = {
						CreatedOnToolsVersion = 26.0.1;
					};
					EFB7ACD92E8723A9002AA507 = {
						CreatedOnToolsVersion = 26.0.1;
						TestTargetID = EFB7ACCC2E8723A7002AA507;
					};
					EFB7ACE32E8723A9002AA507 = {
						CreatedOnToolsVersion = 26.0.1;
						TestTargetID = EFB7ACCC2E8723A7002AA507;
					};
				};
			};
			buildConfigurationList = EFB7ACC82E8723A7002AA507 /* Build configuration list for PBXProject "Schedule Button Interaction" */;
			developmentRegion = en;
			hasScannedForEncodings = 0;
			knownRegions = (
				en,
				Base,
			);
			mainGroup = EFB7ACC42E8723A7002AA507;
			minimizedProjectReferenceProxies = 1;
			preferredProjectObjectVersion = 77;
			productRefGroup = EFB7ACCE2E8723A7002AA507 /* Products */;
			projectDirPath = "";
			projectRoot = "";
			targets = (
				EFB7ACCC2E8723A7002AA507 /* Schedule Button Interaction */,
				EFB7ACD92E8723A9002AA507 /* Schedule Button InteractionTests */,
				EFB7ACE32E8723A9002AA507 /* Schedule Button InteractionUITests */,
			);
		};
/* End PBXProject section */

/* Begin PBXResourcesBuildPhase section */
		EFB7ACCB2E8723A7002AA507 /* Resources */ = {
			isa = PBXResourcesBuildPhase;
			buildActionMask = 2147483647;
			files = (
			);
			runOnlyForDeploymentPostprocessing = 0;
		};
		EFB7ACD82E8723A9002AA507 /* Resources */ = {
			isa = PBXResourcesBuildPhase;
			buildActionMask = 2147483647;
			files = (
			);
			runOnlyForDeploymentPostprocessing = 0;
		};
		EFB7ACE22E8723A9002AA507 /* Resources */ = {
			isa = PBXResourcesBuildPhase;
			buildActionMask = 2147483647;
			files = (
			);
			runOnlyForDeploymentPostprocessing = 0;
		};
/* End PBXResourcesBuildPhase section */

/* Begin PBXSourcesBuildPhase section */
		EFB7ACC92E8723A7002AA507 /* Sources */ = {
			isa = PBXSourcesBuildPhase;
			buildActionMask = 2147483647;
			files = (
			);
			runOnlyForDeploymentPostprocessing = 0;
		};
		EFB7ACD62E8723A9002AA507 /* Sources */ = {
			isa = PBXSourcesBuildPhase;
			buildActionMask = 2147483647;
			files = (
			);
			runOnlyForDeploymentPostprocessing = 0;
		};
		EFB7ACE02E8723A9002AA507 /* Sources */ = {
			isa = PBXSourcesBuildPhase;
			buildActionMask = 2147483647;
			files = (
			);
			runOnlyForDeploymentPostprocessing = 0;
		};
/* End PBXSourcesBuildPhase section */

/* Begin PBXTargetDependency section */
		EFB7ACDC2E8723A9002AA507 /* PBXTargetDependency */ = {
			isa = PBXTargetDependency;
			target = EFB7ACCC2E8723A7002AA507 /* Schedule Button Interaction */;
			targetProxy = EFB7ACDB2E8723A9002AA507 /* PBXContainerItemProxy */;
		};
		EFB7ACE62E8723A9002AA507 /* PBXTargetDependency */ = {
			isa = PBXTargetDependency;
			target = EFB7ACCC2E8723A7002AA507 /* Schedule Button Interaction */;
			targetProxy = EFB7ACE52E8723A9002AA507 /* PBXContainerItemProxy */;
		};
/* End PBXTargetDependency section */

/* Begin XCBuildConfiguration section */
		EFB7ACEC2E8723A9002AA507 /* Debug */ = {
			isa = XCBuildConfiguration;
			buildSettings = {
				ALWAYS_SEARCH_USER_PATHS = NO;
				ASSETCATALOG_COMPILER_GENERATE_SWIFT_ASSET_SYMBOL_EXTENSIONS = YES;
				CLANG_ANALYZER_NONNULL = YES;
				CLANG_ANALYZER_NUMBER_OBJECT_CONVERSION = YES_AGGRESSIVE;
				CLANG_CXX_LANGUAGE_STANDARD = "gnu++20";
				CLANG_ENABLE_MODULES = YES;
				CLANG_ENABLE_OBJC_ARC = YES;
				CLANG_ENABLE_OBJC_WEAK = YES;
				CLANG_WARN_BLOCK_CAPTURE_AUTORELEASING = YES;
				CLANG_WARN_BOOL_CONVERSION = YES;
				CLANG_WARN_COMMA = YES;
				CLANG_WARN_CONSTANT_CONVERSION = YES;
				CLANG_WARN_DEPRECATED_OBJC_IMPLEMENTATIONS = YES;
				CLANG_WARN_DIRECT_OBJC_ISA_USAGE = YES_ERROR;
				CLANG_WARN_DOCUMENTATION_COMMENTS = YES;
				CLANG_WARN_EMPTY_BODY = YES;
				CLANG_WARN_ENUM_CONVERSION = YES;
				CLANG_WARN_INFINITE_RECURSION = YES;
				CLANG_WARN_INT_CONVERSION = YES;
				CLANG_WARN_NON_LITERAL_NULL_CONVERSION = YES;
				CLANG_WARN_OBJC_IMPLICIT_RETAIN_SELF = YES;
				CLANG_WARN_OBJC_LITERAL_CONVERSION = YES;
				CLANG_WARN_OBJC_ROOT_CLASS = YES_ERROR;
				CLANG_WARN_QUOTED_INCLUDE_IN_FRAMEWORK_HEADER = YES;
				CLANG_WARN_RANGE_LOOP_ANALYSIS = YES;
				CLANG_WARN_STRICT_PROTOTYPES = YES;
				CLANG_WARN_SUSPICIOUS_MOVE = YES;
				CLANG_WARN_UNGUARDED_AVAILABILITY = YES_AGGRESSIVE;
				CLANG_WARN_UNREACHABLE_CODE = YES;
				CLANG_WARN__DUPLICATE_METHOD_MATCH = YES;
				COPY_PHASE_STRIP = NO;
				DEBUG_INFORMATION_FORMAT = dwarf;
				ENABLE_STRICT_OBJC_MSGSEND = YES;
				ENABLE_TESTABILITY = YES;
				ENABLE_USER_SCRIPT_SANDBOXING = YES;
				GCC_C_LANGUAGE_STANDARD = gnu17;
				GCC_DYNAMIC_NO_PIC = NO;
				GCC_NO_COMMON_BLOCKS = YES;
				GCC_OPTIMIZATION_LEVEL = 0;
				GCC_PREPROCESSOR_DEFINITIONS = (
					"DEBUG=1",
					"$(inherited)",
				);
				GCC_WARN_64_TO_32_BIT_CONVERSION = YES;
				GCC_WARN_ABOUT_RETURN_TYPE = YES_ERROR;
				GCC_WARN_UNDECLARED_SELECTOR = YES;
				GCC_WARN_UNINITIALIZED_AUTOS = YES_AGGRESSIVE;
				GCC_WARN_UNUSED_FUNCTION = YES;
				GCC_WARN_UNUSED_VARIABLE = YES;
				IPHONEOS_DEPLOYMENT_TARGET = 26.0;
				LOCALIZATION_PREFERS_STRING_CATALOGS = YES;
				MTL_ENABLE_DEBUG_INFO = INCLUDE_SOURCE;
				MTL_FAST_MATH = YES;
				ONLY_ACTIVE_ARCH = YES;
				SDKROOT = iphoneos;
				SWIFT_ACTIVE_COMPILATION_CONDITIONS = "DEBUG $(inherited)";
				SWIFT_OPTIMIZATION_LEVEL = "-Onone";
			};
			name = Debug;
		};
		EFB7ACED2E8723A9002AA507 /* Release */ = {
			isa = XCBuildConfiguration;
			buildSettings = {
				ALWAYS_SEARCH_USER_PATHS = NO;
				ASSETCATALOG_COMPILER_GENERATE_SWIFT_ASSET_SYMBOL_EXTENSIONS = YES;
				CLANG_ANALYZER_NONNULL = YES;
				CLANG_ANALYZER_NUMBER_OBJECT_CONVERSION = YES_AGGRESSIVE;
				CLANG_CXX_LANGUAGE_STANDARD = "gnu++20";
				CLANG_ENABLE_MODULES = YES;
				CLANG_ENABLE_OBJC_ARC = YES;
				CLANG_ENABLE_OBJC_WEAK = YES;
				CLANG_WARN_BLOCK_CAPTURE_AUTORELEASING = YES;
				CLANG_WARN_BOOL_CONVERSION = YES;
				CLANG_WARN_COMMA = YES;
				CLANG_WARN_CONSTANT_CONVERSION = YES;
				CLANG_WARN_DEPRECATED_OBJC_IMPLEMENTATIONS = YES;
				CLANG_WARN_DIRECT_OBJC_ISA_USAGE = YES_ERROR;
				CLANG_WARN_DOCUMENTATION_COMMENTS = YES;
				CLANG_WARN_EMPTY_BODY = YES;
				CLANG_WARN_ENUM_CONVERSION = YES;
				CLANG_WARN_INFINITE_RECURSION = YES;
				CLANG_WARN_INT_CONVERSION = YES;
				CLANG_WARN_NON_LITERAL_NULL_CONVERSION = YES;
				CLANG_WARN_OBJC_IMPLICIT_RETAIN_SELF = YES;
				CLANG_WARN_OBJC_LITERAL_CONVERSION = YES;
				CLANG_WARN_OBJC_ROOT_CLASS = YES_ERROR;
				CLANG_WARN_QUOTED_INCLUDE_IN_FRAMEWORK_HEADER = YES;
				CLANG_WARN_RANGE_LOOP_ANALYSIS = YES;
				CLANG_WARN_STRICT_PROTOTYPES = YES;
				CLANG_WARN_SUSPICIOUS_MOVE = YES;
				CLANG_WARN_UNGUARDED_AVAILABILITY = YES_AGGRESSIVE;
				CLANG_WARN_UNREACHABLE_CODE = YES;
				CLANG_WARN__DUPLICATE_METHOD_MATCH = YES;
				COPY_PHASE_STRIP = NO;
				DEBUG_INFORMATION_FORMAT = "dwarf-with-dsym";
				ENABLE_NS_ASSERTIONS = NO;
				ENABLE_STRICT_OBJC_MSGSEND = YES;
				ENABLE_USER_SCRIPT_SANDBOXING = YES;
				GCC_C_LANGUAGE_STANDARD = gnu17;
				GCC_NO_COMMON_BLOCKS = YES;
				GCC_WARN_64_TO_32_BIT_CONVERSION = YES;
				GCC_WARN_ABOUT_RETURN_TYPE = YES_ERROR;
				GCC_WARN_UNDECLARED_SELECTOR = YES;
				GCC_WARN_UNINITIALIZED_AUTOS = YES_AGGRESSIVE;
				GCC_WARN_UNUSED_FUNCTION = YES;
				GCC_WARN_UNUSED_VARIABLE = YES;
				IPHONEOS_DEPLOYMENT_TARGET = 26.0;
				LOCALIZATION_PREFERS_STRING_CATALOGS = YES;
				MTL_ENABLE_DEBUG_INFO = NO;
				MTL_FAST_MATH = YES;
				SDKROOT = iphoneos;
				SWIFT_COMPILATION_MODE = wholemodule;
				VALIDATE_PRODUCT = YES;
			};
			name = Release;
		};
		EFB7ACEF2E8723A9002AA507 /* Debug */ = {
			isa = XCBuildConfiguration;
			buildSettings = {
				ASSETCATALOG_COMPILER_APPICON_NAME = AppIcon;
				ASSETCATALOG_COMPILER_GLOBAL_ACCENT_COLOR_NAME = AccentColor;
				CODE_SIGN_STYLE = Automatic;
				CURRENT_PROJECT_VERSION = 1;
				ENABLE_PREVIEWS = YES;
				GENERATE_INFOPLIST_FILE = YES;
				INFOPLIST_KEY_UIApplicationSceneManifest_Generation = YES;
				INFOPLIST_KEY_UIApplicationSupportsIndirectInputEvents = YES;
				INFOPLIST_KEY_UILaunchScreen_Generation = YES;
				INFOPLIST_KEY_UISupportedInterfaceOrientations_iPad = "UIInterfaceOrientationPortrait UIInterfaceOrientationPortraitUpsideDown UIInterfaceOrientationLandscapeLeft UIInterfaceOrientationLandscapeRight";
				INFOPLIST_KEY_UISupportedInterfaceOrientations_iPhone = "UIInterfaceOrientationPortrait UIInterfaceOrientationLandscapeLeft UIInterfaceOrientationLandscapeRight";
				LD_RUNPATH_SEARCH_PATHS = (
					"$(inherited)",
					"@executable_path/Frameworks",
				);
				MARKETING_VERSION = 1.0;
				PRODUCT_BUNDLE_IDENTIFIER = "com.ledoux.sanguo.Schedule-Button-Interaction";
				PRODUCT_NAME = "$(TARGET_NAME)";
				STRING_CATALOG_GENERATE_SYMBOLS = YES;
				SWIFT_APPROACHABLE_CONCURRENCY = YES;
				SWIFT_DEFAULT_ACTOR_ISOLATION = MainActor;
				SWIFT_EMIT_LOC_STRINGS = YES;
				SWIFT_UPCOMING_FEATURE_MEMBER_IMPORT_VISIBILITY = YES;
				SWIFT_VERSION = 5.0;
				TARGETED_DEVICE_FAMILY = "1,2";
			};
			name = Debug;
		};
		EFB7ACF02E8723A9002AA507 /* Release */ = {
			isa = XCBuildConfiguration;
			buildSettings = {
				ASSETCATALOG_COMPILER_APPICON_NAME = AppIcon;
				ASSETCATALOG_COMPILER_GLOBAL_ACCENT_COLOR_NAME = AccentColor;
				CODE_SIGN_STYLE = Automatic;
				CURRENT_PROJECT_VERSION = 1;
				ENABLE_PREVIEWS = YES;
				GENERATE_INFOPLIST_FILE = YES;
				INFOPLIST_KEY_UIApplicationSceneManifest_Generation = YES;
				INFOPLIST_KEY_UIApplicationSupportsIndirectInputEvents = YES;
				INFOPLIST_KEY_UILaunchScreen_Generation = YES;
				INFOPLIST_KEY_UISupportedInterfaceOrientations_iPad = "UIInterfaceOrientationPortrait UIInterfaceOrientationPortraitUpsideDown UIInterfaceOrientationLandscapeLeft UIInterfaceOrientationLandscapeRight";
				INFOPLIST_KEY_UISupportedInterfaceOrientations_iPhone = "UIInterfaceOrientationPortrait UIInterfaceOrientationLandscapeLeft UIInterfaceOrientationLandscapeRight";
				LD_RUNPATH_SEARCH_PATHS = (
					"$(inherited)",
					"@executable_path/Frameworks",
				);
				MARKETING_VERSION = 1.0;
				PRODUCT_BUNDLE_IDENTIFIER = "com.ledoux.sanguo.Schedule-Button-Interaction";
				PRODUCT_NAME = "$(TARGET_NAME)";
				STRING_CATALOG_GENERATE_SYMBOLS = YES;
				SWIFT_APPROACHABLE_CONCURRENCY = YES;
				SWIFT_DEFAULT_ACTOR_ISOLATION = MainActor;
				SWIFT_EMIT_LOC_STRINGS = YES;
				SWIFT_UPCOMING_FEATURE_MEMBER_IMPORT_VISIBILITY = YES;
				SWIFT_VERSION = 5.0;
				TARGETED_DEVICE_FAMILY = "1,2";
			};
			name = Release;
		};
		EFB7ACF22E8723AA002AA507 /* Debug */ = {
			isa = XCBuildConfiguration;
			buildSettings = {
				BUNDLE_LOADER = "$(TEST_HOST)";
				CODE_SIGN_STYLE = Automatic;
				CURRENT_PROJECT_VERSION = 1;
				GENERATE_INFOPLIST_FILE = YES;
				IPHONEOS_DEPLOYMENT_TARGET = 26.0;
				MARKETING_VERSION = 1.0;
				PRODUCT_BUNDLE_IDENTIFIER = "com.ledoux.sanguo.Schedule-Button-InteractionTests";
				PRODUCT_NAME = "$(TARGET_NAME)";
				STRING_CATALOG_GENERATE_SYMBOLS = NO;
				SWIFT_APPROACHABLE_CONCURRENCY = YES;
				SWIFT_EMIT_LOC_STRINGS = NO;
				SWIFT_UPCOMING_FEATURE_MEMBER_IMPORT_VISIBILITY = YES;
				SWIFT_VERSION = 5.0;
				TARGETED_DEVICE_FAMILY = "1,2";
				TEST_HOST = "$(BUILT_PRODUCTS_DIR)/Schedule Button Interaction.app/$(BUNDLE_EXECUTABLE_FOLDER_PATH)/Schedule Button Interaction";
			};
			name = Debug;
		};
		EFB7ACF32E8723AA002AA507 /* Release */ = {
			isa = XCBuildConfiguration;
			buildSettings = {
				BUNDLE_LOADER = "$(TEST_HOST)";
				CODE_SIGN_STYLE = Automatic;
				CURRENT_PROJECT_VERSION = 1;
				GENERATE_INFOPLIST_FILE = YES;
				IPHONEOS_DEPLOYMENT_TARGET = 26.0;
				MARKETING_VERSION = 1.0;
				PRODUCT_BUNDLE_IDENTIFIER = "com.ledoux.sanguo.Schedule-Button-InteractionTests";
				PRODUCT_NAME = "$(TARGET_NAME)";
				STRING_CATALOG_GENERATE_SYMBOLS = NO;
				SWIFT_APPROACHABLE_CONCURRENCY = YES;
				SWIFT_EMIT_LOC_STRINGS = NO;
				SWIFT_UPCOMING_FEATURE_MEMBER_IMPORT_VISIBILITY = YES;
				SWIFT_VERSION = 5.0;
				TARGETED_DEVICE_FAMILY = "1,2";
				TEST_HOST = "$(BUILT_PRODUCTS_DIR)/Schedule Button Interaction.app/$(BUNDLE_EXECUTABLE_FOLDER_PATH)/Schedule Button Interaction";
			};
			name = Release;
		};
		EFB7ACF52E8723AA002AA507 /* Debug */ = {
			isa = XCBuildConfiguration;
			buildSettings = {
				CODE_SIGN_STYLE = Automatic;
				CURRENT_PROJECT_VERSION = 1;
				GENERATE_INFOPLIST_FILE = YES;
				MARKETING_VERSION = 1.0;
				PRODUCT_BUNDLE_IDENTIFIER = "com.ledoux.sanguo.Schedule-Button-InteractionUITests";
				PRODUCT_NAME = "$(TARGET_NAME)";
				STRING_CATALOG_GENERATE_SYMBOLS = NO;
				SWIFT_APPROACHABLE_CONCURRENCY = YES;
				SWIFT_EMIT_LOC_STRINGS = NO;
				SWIFT_UPCOMING_FEATURE_MEMBER_IMPORT_VISIBILITY = YES;
				SWIFT_VERSION = 5.0;
				TARGETED_DEVICE_FAMILY = "1,2";
				TEST_TARGET_NAME = "Schedule Button Interaction";
			};
			name = Debug;
		};
		EFB7ACF62E8723AA002AA507 /* Release */ = {
			isa = XCBuildConfiguration;
			buildSettings = {
				CODE_SIGN_STYLE = Automatic;
				CURRENT_PROJECT_VERSION = 1;
				GENERATE_INFOPLIST_FILE = YES;
				MARKETING_VERSION = 1.0;
				PRODUCT_BUNDLE_IDENTIFIER = "com.ledoux.sanguo.Schedule-Button-InteractionUITests";
				PRODUCT_NAME = "$(TARGET_NAME)";
				STRING_CATALOG_GENERATE_SYMBOLS = NO;
				SWIFT_APPROACHABLE_CONCURRENCY = YES;
				SWIFT_EMIT_LOC_STRINGS = NO;
				SWIFT_UPCOMING_FEATURE_MEMBER_IMPORT_VISIBILITY = YES;
				SWIFT_VERSION = 5.0;
				TARGETED_DEVICE_FAMILY = "1,2";
				TEST_TARGET_NAME = "Schedule Button Interaction";
			};
			name = Release;
		};
/* End XCBuildConfiguration section */

/* Begin XCConfigurationList section */
		EFB7ACC82E8723A7002AA507 /* Build configuration list for PBXProject "Schedule Button Interaction" */ = {
			isa = XCConfigurationList;
			buildConfigurations = (
				EFB7ACEC2E8723A9002AA507 /* Debug */,
				EFB7ACED2E8723A9002AA507 /* Release */,
			);
			defaultConfigurationIsVisible = 0;
			defaultConfigurationName = Release;
		};
		EFB7ACEE2E8723A9002AA507 /* Build configuration list for PBXNativeTarget "Schedule Button Interaction" */ = {
			isa = XCConfigurationList;
			buildConfigurations = (
				EFB7ACEF2E8723A9002AA507 /* Debug */,
				EFB7ACF02E8723A9002AA507 /* Release */,
			);
			defaultConfigurationIsVisible = 0;
			defaultConfigurationName = Release;
		};
		EFB7ACF12E8723AA002AA507 /* Build configuration list for PBXNativeTarget "Schedule Button InteractionTests" */ = {
			isa = XCConfigurationList;
			buildConfigurations = (
				EFB7ACF22E8723AA002AA507 /* Debug */,
				EFB7ACF32E8723AA002AA507 /* Release */,
			);
			defaultConfigurationIsVisible = 0;
			defaultConfigurationName = Release;
		};
		EFB7ACF42E8723AA002AA507 /* Build configuration list for PBXNativeTarget "Schedule Button InteractionUITests" */ = {
			isa = XCConfigurationList;
			buildConfigurations = (
				EFB7ACF52E8723AA002AA507 /* Debug */,
				EFB7ACF62E8723AA002AA507 /* Release */,
			);
			defaultConfigurationIsVisible = 0;
			defaultConfigurationName = Release;
		};
/* End XCConfigurationList section */
	};
	rootObject = EFB7ACC52E8723A7002AA507 /* Project object */;
}
